// !$*UTF8*$!
{
	archiveVersion = 1;
	classes = {
	};
	objectVersion = 50;
	objects = {

/* Begin PBXBuildFile section */
		81670D2025B81FDA001C8883 /* AppDelegate.swift in Sources */ = {isa = PBXBuildFile; fileRef = 81670D1F25B81FDA001C8883 /* AppDelegate.swift */; };
		81670D2225B81FDA001C8883 /* SceneDelegate.swift in Sources */ = {isa = PBXBuildFile; fileRef = 81670D2125B81FDA001C8883 /* SceneDelegate.swift */; };
		81670D2425B81FDA001C8883 /* ViewController.swift in Sources */ = {isa = PBXBuildFile; fileRef = 81670D2325B81FDA001C8883 /* ViewController.swift */; };
		81670D2725B81FDA001C8883 /* Main.storyboard in Resources */ = {isa = PBXBuildFile; fileRef = 81670D2525B81FDA001C8883 /* Main.storyboard */; };
		81670D2925B81FDC001C8883 /* Assets.xcassets in Resources */ = {isa = PBXBuildFile; fileRef = 81670D2825B81FDC001C8883 /* Assets.xcassets */; };
		81670D2C25B81FDC001C8883 /* LaunchScreen.storyboard in Resources */ = {isa = PBXBuildFile; fileRef = 81670D2A25B81FDC001C8883 /* LaunchScreen.storyboard */; };
		81670D3725B81FDC001C8883 /* SFJTableKitDemoTests.swift in Sources */ = {isa = PBXBuildFile; fileRef = 81670D3625B81FDC001C8883 /* SFJTableKitDemoTests.swift */; };
		81670D4225B81FDC001C8883 /* SFJTableKitDemoUITests.swift in Sources */ = {isa = PBXBuildFile; fileRef = 81670D4125B81FDC001C8883 /* SFJTableKitDemoUITests.swift */; };
/* End PBXBuildFile section */

/* Begin PBXContainerItemProxy section */
		81670D3325B81FDC001C8883 /* PBXContainerItemProxy */ = {
			isa = PBXContainerItemProxy;
			containerPortal = 81670D1425B81FDA001C8883 /* Project object */;
			proxyType = 1;
			remoteGlobalIDString = 81670D1B25B81FDA001C8883;
			remoteInfo = SFJTableKitDemo;
		};
		81670D3E25B81FDC001C8883 /* PBXContainerItemProxy */ = {
			isa = PBXContainerItemProxy;
			containerPortal = 81670D1425B81FDA001C8883 /* Project object */;
			proxyType = 1;
			remoteGlobalIDString = 81670D1B25B81FDA001C8883;
			remoteInfo = SFJTableKitDemo;
		};
/* End PBXContainerItemProxy section */

/* Begin PBXFileReference section */
		81670D1C25B81FDA001C8883 /* SFJTableKitDemo.app */ = {isa = PBXFileReference; explicitFileType = wrapper.application; includeInIndex = 0; path = SFJTableKitDemo.app; sourceTree = BUILT_PRODUCTS_DIR; };
		81670D1F25B81FDA001C8883 /* AppDelegate.swift */ = {isa = PBXFileReference; lastKnownFileType = sourcecode.swift; path = AppDelegate.swift; sourceTree = "<group>"; };
		81670D2125B81FDA001C8883 /* SceneDelegate.swift */ = {isa = PBXFileReference; lastKnownFileType = sourcecode.swift; path = SceneDelegate.swift; sourceTree = "<group>"; };
		81670D2325B81FDA001C8883 /* ViewController.swift */ = {isa = PBXFileReference; lastKnownFileType = sourcecode.swift; path = ViewController.swift; sourceTree = "<group>"; };
		81670D2625B81FDA001C8883 /* Base */ = {isa = PBXFileReference; lastKnownFileType = file.storyboard; name = Base; path = Base.lproj/Main.storyboard; sourceTree = "<group>"; };
		81670D2825B81FDC001C8883 /* Assets.xcassets */ = {isa = PBXFileReference; lastKnownFileType = folder.assetcatalog; path = Assets.xcassets; sourceTree = "<group>"; };
		81670D2B25B81FDC001C8883 /* Base */ = {isa = PBXFileReference; lastKnownFileType = file.storyboard; name = Base; path = Base.lproj/LaunchScreen.storyboard; sourceTree = "<group>"; };
		81670D2D25B81FDC001C8883 /* Info.plist */ = {isa = PBXFileReference; lastKnownFileType = text.plist.xml; path = Info.plist; sourceTree = "<group>"; };
		81670D3225B81FDC001C8883 /* SFJTableKitDemoTests.xctest */ = {isa = PBXFileReference; explicitFileType = wrapper.cfbundle; includeInIndex = 0; path = SFJTableKitDemoTests.xctest; sourceTree = BUILT_PRODUCTS_DIR; };
		81670D3625B81FDC001C8883 /* SFJTableKitDemoTests.swift */ = {isa = PBXFileReference; lastKnownFileType = sourcecode.swift; path = SFJTableKitDemoTests.swift; sourceTree = "<group>"; };
		81670D3825B81FDC001C8883 /* Info.plist */ = {isa = PBXFileReference; lastKnownFileType = text.plist.xml; path = Info.plist; sourceTree = "<group>"; };
		81670D3D25B81FDC001C8883 /* SFJTableKitDemoUITests.xctest */ = {isa = PBXFileReference; explicitFileType = wrapper.cfbundle; includeInIndex = 0; path = SFJTableKitDemoUITests.xctest; sourceTree = BUILT_PRODUCTS_DIR; };
		81670D4125B81FDC001C8883 /* SFJTableKitDemoUITests.swift */ = {isa = PBXFileReference; lastKnownFileType = sourcecode.swift; path = SFJTableKitDemoUITests.swift; sourceTree = "<group>"; };
		81670D4325B81FDC001C8883 /* Info.plist */ = {isa = PBXFileReference; lastKnownFileType = text.plist.xml; path = Info.plist; sourceTree = "<group>"; };
/* End PBXFileReference section */

/* Begin PBXFrameworksBuildPhase section */
		81670D1925B81FDA001C8883 /* Frameworks */ = {
			isa = PBXFrameworksBuildPhase;
			buildActionMask = 2147483647;
			files = (
			);
			runOnlyForDeploymentPostprocessing = 0;
		};
		81670D2F25B81FDC001C8883 /* Frameworks */ = {
			isa = PBXFrameworksBuildPhase;
			buildActionMask = 2147483647;
			files = (
			);
			runOnlyForDeploymentPostprocessing = 0;
		};
		81670D3A25B81FDC001C8883 /* Frameworks */ = {
			isa = PBXFrameworksBuildPhase;
			buildActionMask = 2147483647;
			files = (
			);
			runOnlyForDeploymentPostprocessing = 0;
		};
/* End PBXFrameworksBuildPhase section */

/* Begin PBXGroup section */
		81670D1325B81FDA001C8883 = {
			isa = PBXGroup;
			children = (
				81670D1E25B81FDA001C8883 /* SFJTableKitDemo */,
				81670D3525B81FDC001C8883 /* SFJTableKitDemoTests */,
				81670D4025B81FDC001C8883 /* SFJTableKitDemoUITests */,
				81670D1D25B81FDA001C8883 /* Products */,
			);
			sourceTree = "<group>";
		};
		81670D1D25B81FDA001C8883 /* Products */ = {
			isa = PBXGroup;
			children = (
				81670D1C25B81FDA001C8883 /* SFJTableKitDemo.app */,
				81670D3225B81FDC001C8883 /* SFJTableKitDemoTests.xctest */,
				81670D3D25B81FDC001C8883 /* SFJTableKitDemoUITests.xctest */,
			);
			name = Products;
			sourceTree = "<group>";
		};
		81670D1E25B81FDA001C8883 /* SFJTableKitDemo */ = {
			isa = PBXGroup;
			children = (
				81670D1F25B81FDA001C8883 /* AppDelegate.swift */,
				81670D2125B81FDA001C8883 /* SceneDelegate.swift */,
				81670D2325B81FDA001C8883 /* ViewController.swift */,
				81670D2525B81FDA001C8883 /* Main.storyboard */,
				81670D2825B81FDC001C8883 /* Assets.xcassets */,
				81670D2A25B81FDC001C8883 /* LaunchScreen.storyboard */,
				81670D2D25B81FDC001C8883 /* Info.plist */,
			);
			path = SFJTableKitDemo;
			sourceTree = "<group>";
		};
		81670D3525B81FDC001C8883 /* SFJTableKitDemoTests */ = {
			isa = PBXGroup;
			children = (
				81670D3625B81FDC001C8883 /* SFJTableKitDemoTests.swift */,
				81670D3825B81FDC001C8883 /* Info.plist */,
			);
			path = SFJTableKitDemoTests;
			sourceTree = "<group>";
		};
		81670D4025B81FDC001C8883 /* SFJTableKitDemoUITests */ = {
			isa = PBXGroup;
			children = (
				81670D4125B81FDC001C8883 /* SFJTableKitDemoUITests.swift */,
				81670D4325B81FDC001C8883 /* Info.plist */,
			);
			path = SFJTableKitDemoUITests;
			sourceTree = "<group>";
		};
/* End PBXGroup section */

/* Begin PBXNativeTarget section */
		81670D1B25B81FDA001C8883 /* SFJTableKitDemo */ = {
			isa = PBXNativeTarget;
			buildConfigurationList = 81670D4625B81FDC001C8883 /* Build configuration list for PBXNativeTarget "SFJTableKitDemo" */;
			buildPhases = (
				81670D1825B81FDA001C8883 /* Sources */,
				81670D1925B81FDA001C8883 /* Frameworks */,
				81670D1A25B81FDA001C8883 /* Resources */,
			);
			buildRules = (
			);
			dependencies = (
			);
			name = SFJTableKitDemo;
			productName = SFJTableKitDemo;
			productReference = 81670D1C25B81FDA001C8883 /* SFJTableKitDemo.app */;
			productType = "com.apple.product-type.application";
		};
		81670D3125B81FDC001C8883 /* SFJTableKitDemoTests */ = {
			isa = PBXNativeTarget;
			buildConfigurationList = 81670D4925B81FDC001C8883 /* Build configuration list for PBXNativeTarget "SFJTableKitDemoTests" */;
			buildPhases = (
				81670D2E25B81FDC001C8883 /* Sources */,
				81670D2F25B81FDC001C8883 /* Frameworks */,
				81670D3025B81FDC001C8883 /* Resources */,
			);
			buildRules = (
			);
			dependencies = (
				81670D3425B81FDC001C8883 /* PBXTargetDependency */,
			);
			name = SFJTableKitDemoTests;
			productName = SFJTableKitDemoTests;
			productReference = 81670D3225B81FDC001C8883 /* SFJTableKitDemoTests.xctest */;
			productType = "com.apple.product-type.bundle.unit-test";
		};
		81670D3C25B81FDC001C8883 /* SFJTableKitDemoUITests */ = {
			isa = PBXNativeTarget;
			buildConfigurationList = 81670D4C25B81FDC001C8883 /* Build configuration list for PBXNativeTarget "SFJTableKitDemoUITests" */;
			buildPhases = (
				81670D3925B81FDC001C8883 /* Sources */,
				81670D3A25B81FDC001C8883 /* Frameworks */,
				81670D3B25B81FDC001C8883 /* Resources */,
			);
			buildRules = (
			);
			dependencies = (
				81670D3F25B81FDC001C8883 /* PBXTargetDependency */,
			);
			name = SFJTableKitDemoUITests;
			productName = SFJTableKitDemoUITests;
			productReference = 81670D3D25B81FDC001C8883 /* SFJTableKitDemoUITests.xctest */;
			productType = "com.apple.product-type.bundle.ui-testing";
		};
/* End PBXNativeTarget section */

/* Begin PBXProject section */
		81670D1425B81FDA001C8883 /* Project object */ = {
			isa = PBXProject;
			attributes = {
				LastSwiftUpdateCheck = 1230;
				LastUpgradeCheck = 1230;
				TargetAttributes = {
					81670D1B25B81FDA001C8883 = {
						CreatedOnToolsVersion = 12.3;
					};
					81670D3125B81FDC001C8883 = {
						CreatedOnToolsVersion = 12.3;
						TestTargetID = 81670D1B25B81FDA001C8883;
					};
					81670D3C25B81FDC001C8883 = {
						CreatedOnToolsVersion = 12.3;
						TestTargetID = 81670D1B25B81FDA001C8883;
					};
				};
			};
			buildConfigurationList = 81670D1725B81FDA001C8883 /* Build configuration list for PBXProject "SFJTableKitDemo" */;
			compatibilityVersion = "Xcode 9.3";
			developmentRegion = en;
			hasScannedForEncodings = 0;
			knownRegions = (
				en,
				Base,
			);
			mainGroup = 81670D1325B81FDA001C8883;
			productRefGroup = 81670D1D25B81FDA001C8883 /* Products */;
			projectDirPath = "";
			projectRoot = "";
			targets = (
				81670D1B25B81FDA001C8883 /* SFJTableKitDemo */,
				81670D3125B81FDC001C8883 /* SFJTableKitDemoTests */,
				81670D3C25B81FDC001C8883 /* SFJTableKitDemoUITests */,
			);
		};
/* End PBXProject section */

/* Begin PBXResourcesBuildPhase section */
		81670D1A25B81FDA001C8883 /* Resources */ = {
			isa = PBXResourcesBuildPhase;
			buildActionMask = 2147483647;
			files = (
				81670D2C25B81FDC001C8883 /* LaunchScreen.storyboard in Resources */,
				81670D2925B81FDC001C8883 /* Assets.xcassets in Resources */,
				81670D2725B81FDA001C8883 /* Main.storyboard in Resources */,
			);
			runOnlyForDeploymentPostprocessing = 0;
		};
		81670D3025B81FDC001C8883 /* Resources */ = {
			isa = PBXResourcesBuildPhase;
			buildActionMask = 2147483647;
			files = (
			);
			runOnlyForDeploymentPostprocessing = 0;
		};
		81670D3B25B81FDC001C8883 /* Resources */ = {
			isa = PBXResourcesBuildPhase;
			buildActionMask = 2147483647;
			files = (
			);
			runOnlyForDeploymentPostprocessing = 0;
		};
/* End PBXResourcesBuildPhase section */

/* Begin PBXSourcesBuildPhase section */
		81670D1825B81FDA001C8883 /* Sources */ = {
			isa = PBXSourcesBuildPhase;
			buildActionMask = 2147483647;
			files = (
				81670D2425B81FDA001C8883 /* ViewController.swift in Sources */,
				81670D2025B81FDA001C8883 /* AppDelegate.swift in Sources */,
				81670D2225B81FDA001C8883 /* SceneDelegate.swift in Sources */,
			);
			runOnlyForDeploymentPostprocessing = 0;
		};
		81670D2E25B81FDC001C8883 /* Sources */ = {
			isa = PBXSourcesBuildPhase;
			buildActionMask = 2147483647;
			files = (
				81670D3725B81FDC001C8883 /* SFJTableKitDemoTests.swift in Sources */,
			);
			runOnlyForDeploymentPostprocessing = 0;
		};
		81670D3925B81FDC001C8883 /* Sources */ = {
			isa = PBXSourcesBuildPhase;
			buildActionMask = 2147483647;
			files = (
				81670D4225B81FDC001C8883 /* SFJTableKitDemoUITests.swift in Sources */,
			);
			runOnlyForDeploymentPostprocessing = 0;
		};
/* End PBXSourcesBuildPhase section */

/* Begin PBXTargetDependency section */
		81670D3425B81FDC001C8883 /* PBXTargetDependency */ = {
			isa = PBXTargetDependency;
			target = 81670D1B25B81FDA001C8883 /* SFJTableKitDemo */;
			targetProxy = 81670D3325B81FDC001C8883 /* PBXContainerItemProxy */;
		};
		81670D3F25B81FDC001C8883 /* PBXTargetDependency */ = {
			isa = PBXTargetDependency;
			target = 81670D1B25B81FDA001C8883 /* SFJTableKitDemo */;
			targetProxy = 81670D3E25B81FDC001C8883 /* PBXContainerItemProxy */;
		};
/* End PBXTargetDependency section */

/* Begin PBXVariantGroup section */
		81670D2525B81FDA001C8883 /* Main.storyboard */ = {
			isa = PBXVariantGroup;
			children = (
				81670D2625B81FDA001C8883 /* Base */,
			);
			name = Main.storyboard;
			sourceTree = "<group>";
		};
		81670D2A25B81FDC001C8883 /* LaunchScreen.storyboard */ = {
			isa = PBXVariantGroup;
			children = (
				81670D2B25B81FDC001C8883 /* Base */,
			);
			name = LaunchScreen.storyboard;
			sourceTree = "<group>";
		};
/* End PBXVariantGroup section */

/* Begin XCBuildConfiguration section */
		81670D4425B81FDC001C8883 /* Debug */ = {
			isa = XCBuildConfiguration;
			buildSettings = {
				ALWAYS_SEARCH_USER_PATHS = NO;
				CLANG_ANALYZER_NONNULL = YES;
				CLANG_ANALYZER_NUMBER_OBJECT_CONVERSION = YES_AGGRESSIVE;
				CLANG_CXX_LANGUAGE_STANDARD = "gnu++14";
				CLANG_CXX_LIBRARY = "libc++";
				CLANG_ENABLE_MODULES = YES;
				CLANG_ENABLE_OBJC_ARC = YES;
				CLANG_ENABLE_OBJC_WEAK = YES;
				CLANG_WARN_BLOCK_CAPTURE_AUTORELEASING = YES;
				CLANG_WARN_BOOL_CONVERSION = YES;
				CLANG_WARN_COMMA = YES;
				CLANG_WARN_CONSTANT_CONVERSION = YES;
				CLANG_WARN_DEPRECATED_OBJC_IMPLEMENTATIONS = YES;
				CLANG_WARN_DIRECT_OBJC_ISA_USAGE = YES_ERROR;
				CLANG_WARN_DOCUMENTATION_COMMENTS = YES;
				CLANG_WARN_EMPTY_BODY = YES;
				CLANG_WARN_ENUM_CONVERSION = YES;
				CLANG_WARN_INFINITE_RECURSION = YES;
				CLANG_WARN_INT_CONVERSION = YES;
				CLANG_WARN_NON_LITERAL_NULL_CONVERSION = YES;
				CLANG_WARN_OBJC_IMPLICIT_RETAIN_SELF = YES;
				CLANG_WARN_OBJC_LITERAL_CONVERSION = YES;
				CLANG_WARN_OBJC_ROOT_CLASS = YES_ERROR;
				CLANG_WARN_QUOTED_INCLUDE_IN_FRAMEWORK_HEADER = YES;
				CLANG_WARN_RANGE_LOOP_ANALYSIS = YES;
				CLANG_WARN_STRICT_PROTOTYPES = YES;
				CLANG_WARN_SUSPICIOUS_MOVE = YES;
				CLANG_WARN_UNGUARDED_AVAILABILITY = YES_AGGRESSIVE;
				CLANG_WARN_UNREACHABLE_CODE = YES;
				CLANG_WARN__DUPLICATE_METHOD_MATCH = YES;
				COPY_PHASE_STRIP = NO;
				DEBUG_INFORMATION_FORMAT = dwarf;
				ENABLE_STRICT_OBJC_MSGSEND = YES;
				ENABLE_TESTABILITY = YES;
				GCC_C_LANGUAGE_STANDARD = gnu11;
				GCC_DYNAMIC_NO_PIC = NO;
				GCC_NO_COMMON_BLOCKS = YES;
				GCC_OPTIMIZATION_LEVEL = 0;
				GCC_PREPROCESSOR_DEFINITIONS = (
					"DEBUG=1",
					"$(inherited)",
				);
				GCC_WARN_64_TO_32_BIT_CONVERSION = YES;
				GCC_WARN_ABOUT_RETURN_TYPE = YES_ERROR;
				GCC_WARN_UNDECLARED_SELECTOR = YES;
				GCC_WARN_UNINITIALIZED_AUTOS = YES_AGGRESSIVE;
				GCC_WARN_UNUSED_FUNCTION = YES;
				GCC_WARN_UNUSED_VARIABLE = YES;
				IPHONEOS_DEPLOYMENT_TARGET = 14.3;
				MTL_ENABLE_DEBUG_INFO = INCLUDE_SOURCE;
				MTL_FAST_MATH = YES;
				ONLY_ACTIVE_ARCH = YES;
				SDKROOT = iphoneos;
				SWIFT_ACTIVE_COMPILATION_CONDITIONS = DEBUG;
				SWIFT_OPTIMIZATION_LEVEL = "-Onone";
			};
			name = Debug;
		};
		81670D4525B81FDC001C8883 /* Release */ = {
			isa = XCBuildConfiguration;
			buildSettings = {
				ALWAYS_SEARCH_USER_PATHS = NO;
				CLANG_ANALYZER_NONNULL = YES;
				CLANG_ANALYZER_NUMBER_OBJECT_CONVERSION = YES_AGGRESSIVE;
				CLANG_CXX_LANGUAGE_STANDARD = "gnu++14";
				CLANG_CXX_LIBRARY = "libc++";
				CLANG_ENABLE_MODULES = YES;
				CLANG_ENABLE_OBJC_ARC = YES;
				CLANG_ENABLE_OBJC_WEAK = YES;
				CLANG_WARN_BLOCK_CAPTURE_AUTORELEASING = YES;
				CLANG_WARN_BOOL_CONVERSION = YES;
				CLANG_WARN_COMMA = YES;
				CLANG_WARN_CONSTANT_CONVERSION = YES;
				CLANG_WARN_DEPRECATED_OBJC_IMPLEMENTATIONS = YES;
				CLANG_WARN_DIRECT_OBJC_ISA_USAGE = YES_ERROR;
				CLANG_WARN_DOCUMENTATION_COMMENTS = YES;
				CLANG_WARN_EMPTY_BODY = YES;
				CLANG_WARN_ENUM_CONVERSION = YES;
				CLANG_WARN_INFINITE_RECURSION = YES;
				CLANG_WARN_INT_CONVERSION = YES;
				CLANG_WARN_NON_LITERAL_NULL_CONVERSION = YES;
				CLANG_WARN_OBJC_IMPLICIT_RETAIN_SELF = YES;
				CLANG_WARN_OBJC_LITERAL_CONVERSION = YES;
				CLANG_WARN_OBJC_ROOT_CLASS = YES_ERROR;
				CLANG_WARN_QUOTED_INCLUDE_IN_FRAMEWORK_HEADER = YES;
				CLANG_WARN_RANGE_LOOP_ANALYSIS = YES;
				CLANG_WARN_STRICT_PROTOTYPES = YES;
				CLANG_WARN_SUSPICIOUS_MOVE = YES;
				CLANG_WARN_UNGUARDED_AVAILABILITY = YES_AGGRESSIVE;
				CLANG_WARN_UNREACHABLE_CODE = YES;
				CLANG_WARN__DUPLICATE_METHOD_MATCH = YES;
				COPY_PHASE_STRIP = NO;
				DEBUG_INFORMATION_FORMAT = "dwarf-with-dsym";
				ENABLE_NS_ASSERTIONS = NO;
				ENABLE_STRICT_OBJC_MSGSEND = YES;
				GCC_C_LANGUAGE_STANDARD = gnu11;
				GCC_NO_COMMON_BLOCKS = YES;
				GCC_WARN_64_TO_32_BIT_CONVERSION = YES;
				GCC_WARN_ABOUT_RETURN_TYPE = YES_ERROR;
				GCC_WARN_UNDECLARED_SELECTOR = YES;
				GCC_WARN_UNINITIALIZED_AUTOS = YES_AGGRESSIVE;
				GCC_WARN_UNUSED_FUNCTION = YES;
				GCC_WARN_UNUSED_VARIABLE = YES;
				IPHONEOS_DEPLOYMENT_TARGET = 14.3;
				MTL_ENABLE_DEBUG_INFO = NO;
				MTL_FAST_MATH = YES;
				SDKROOT = iphoneos;
				SWIFT_COMPILATION_MODE = wholemodule;
				SWIFT_OPTIMIZATION_LEVEL = "-O";
				VALIDATE_PRODUCT = YES;
			};
			name = Release;
		};
		81670D4725B81FDC001C8883 /* Debug */ = {
			isa = XCBuildConfiguration;
			buildSettings = {
				ASSETCATALOG_COMPILER_APPICON_NAME = AppIcon;
				ASSETCATALOG_COMPILER_GLOBAL_ACCENT_COLOR_NAME = AccentColor;
				CODE_SIGN_STYLE = Automatic;
				DEVELOPMENT_TEAM = C67ZA79SMN;
				INFOPLIST_FILE = SFJTableKitDemo/Info.plist;
				LD_RUNPATH_SEARCH_PATHS = (
					"$(inherited)",
					"@executable_path/Frameworks",
				);
				PRODUCT_BUNDLE_IDENTIFIER = com.shafujiu.SFJTableKitDemo;
				PRODUCT_NAME = "$(TARGET_NAME)";
				SWIFT_VERSION = 5.0;
				TARGETED_DEVICE_FAMILY = "1,2";
			};
			name = Debug;
		};
		81670D4825B81FDC001C8883 /* Release */ = {
			isa = XCBuildConfiguration;
			buildSettings = {
				ASSETCATALOG_COMPILER_APPICON_NAME = AppIcon;
				ASSETCATALOG_COMPILER_GLOBAL_ACCENT_COLOR_NAME = AccentColor;
				CODE_SIGN_STYLE = Automatic;
				DEVELOPMENT_TEAM = C67ZA79SMN;
				INFOPLIST_FILE = SFJTableKitDemo/Info.plist;
				LD_RUNPATH_SEARCH_PATHS = (
					"$(inherited)",
					"@executable_path/Frameworks",
				);
				PRODUCT_BUNDLE_IDENTIFIER = com.shafujiu.SFJTableKitDemo;
				PRODUCT_NAME = "$(TARGET_NAME)";
				SWIFT_VERSION = 5.0;
				TARGETED_DEVICE_FAMILY = "1,2";
			};
			name = Release;
		};
		81670D4A25B81FDC001C8883 /* Debug */ = {
			isa = XCBuildConfiguration;
			buildSettings = {
				ALWAYS_EMBED_SWIFT_STANDARD_LIBRARIES = YES;
				BUNDLE_LOADER = "$(TEST_HOST)";
				CODE_SIGN_STYLE = Automatic;
				DEVELOPMENT_TEAM = C67ZA79SMN;
				INFOPLIST_FILE = SFJTableKitDemoTests/Info.plist;
				IPHONEOS_DEPLOYMENT_TARGET = 14.3;
				LD_RUNPATH_SEARCH_PATHS = (
					"$(inherited)",
					"@executable_path/Frameworks",
					"@loader_path/Frameworks",
				);
				PRODUCT_BUNDLE_IDENTIFIER = com.shafujiu.SFJTableKitDemoTests;
				PRODUCT_NAME = "$(TARGET_NAME)";
				SWIFT_VERSION = 5.0;
				TARGETED_DEVICE_FAMILY = "1,2";
				TEST_HOST = "$(BUILT_PRODUCTS_DIR)/SFJTableKitDemo.app/SFJTableKitDemo";
			};
			name = Debug;
		};
		81670D4B25B81FDC001C8883 /* Release */ = {
			isa = XCBuildConfiguration;
			buildSettings = {
				ALWAYS_EMBED_SWIFT_STANDARD_LIBRARIES = YES;
				BUNDLE_LOADER = "$(TEST_HOST)";
				CODE_SIGN_STYLE = Automatic;
				DEVELOPMENT_TEAM = C67ZA79SMN;
				INFOPLIST_FILE = SFJTableKitDemoTests/Info.plist;
				IPHONEOS_DEPLOYMENT_TARGET = 14.3;
				LD_RUNPATH_SEARCH_PATHS = (
					"$(inherited)",
					"@executable_path/Frameworks",
					"@loader_path/Frameworks",
				);
				PRODUCT_BUNDLE_IDENTIFIER = com.shafujiu.SFJTableKitDemoTests;
				PRODUCT_NAME = "$(TARGET_NAME)";
				SWIFT_VERSION = 5.0;
				TARGETED_DEVICE_FAMILY = "1,2";
				TEST_HOST = "$(BUILT_PRODUCTS_DIR)/SFJTableKitDemo.app/SFJTableKitDemo";
			};
			name = Release;
		};
		81670D4D25B81FDC001C8883 /* Debug */ = {
			isa = XCBuildConfiguration;
			buildSettings = {
				ALWAYS_EMBED_SWIFT_STANDARD_LIBRARIES = YES;
				CODE_SIGN_STYLE = Automatic;
				DEVELOPMENT_TEAM = C67ZA79SMN;
				INFOPLIST_FILE = SFJTableKitDemoUITests/Info.plist;
				LD_RUNPATH_SEARCH_PATHS = (
					"$(inherited)",
					"@executable_path/Frameworks",
					"@loader_path/Frameworks",
				);
				PRODUCT_BUNDLE_IDENTIFIER = com.shafujiu.SFJTableKitDemoUITests;
				PRODUCT_NAME = "$(TARGET_NAME)";
				SWIFT_VERSION = 5.0;
				TARGETED_DEVICE_FAMILY = "1,2";
				TEST_TARGET_NAME = SFJTableKitDemo;
			};
			name = Debug;
		};
		81670D4E25B81FDC001C8883 /* Release */ = {
			isa = XCBuildConfiguration;
			buildSettings = {
				ALWAYS_EMBED_SWIFT_STANDARD_LIBRARIES = YES;
				CODE_SIGN_STYLE = Automatic;
				DEVELOPMENT_TEAM = C67ZA79SMN;
				INFOPLIST_FILE = SFJTableKitDemoUITests/Info.plist;
				LD_RUNPATH_SEARCH_PATHS = (
					"$(inherited)",
					"@executable_path/Frameworks",
					"@loader_path/Frameworks",
				);
				PRODUCT_BUNDLE_IDENTIFIER = com.shafujiu.SFJTableKitDemoUITests;
				PRODUCT_NAME = "$(TARGET_NAME)";
				SWIFT_VERSION = 5.0;
				TARGETED_DEVICE_FAMILY = "1,2";
				TEST_TARGET_NAME = SFJTableKitDemo;
			};
			name = Release;
		};
/* End XCBuildConfiguration section */

/* Begin XCConfigurationList section */
		81670D1725B81FDA001C8883 /* Build configuration list for PBXProject "SFJTableKitDemo" */ = {
			isa = XCConfigurationList;
			buildConfigurations = (
				81670D4425B81FDC001C8883 /* Debug */,
				81670D4525B81FDC001C8883 /* Release */,
			);
			defaultConfigurationIsVisible = 0;
			defaultConfigurationName = Release;
		};
		81670D4625B81FDC001C8883 /* Build configuration list for PBXNativeTarget "SFJTableKitDemo" */ = {
			isa = XCConfigurationList;
			buildConfigurations = (
				81670D4725B81FDC001C8883 /* Debug */,
				81670D4825B81FDC001C8883 /* Release */,
			);
			defaultConfigurationIsVisible = 0;
			defaultConfigurationName = Release;
		};
		81670D4925B81FDC001C8883 /* Build configuration list for PBXNativeTarget "SFJTableKitDemoTests" */ = {
			isa = XCConfigurationList;
			buildConfigurations = (
				81670D4A25B81FDC001C8883 /* Debug */,
				81670D4B25B81FDC001C8883 /* Release */,
			);
			defaultConfigurationIsVisible = 0;
			defaultConfigurationName = Release;
		};
		81670D4C25B81FDC001C8883 /* Build configuration list for PBXNativeTarget "SFJTableKitDemoUITests" */ = {
			isa = XCConfigurationList;
			buildConfigurations = (
				81670D4D25B81FDC001C8883 /* Debug */,
				81670D4E25B81FDC001C8883 /* Release */,
			);
			defaultConfigurationIsVisible = 0;
			defaultConfigurationName = Release;
		};
/* End XCConfigurationList section */
	};
	rootObject = 81670D1425B81FDA001C8883 /* Project object */;
}
