// !$*UTF8*$!
{
	archiveVersion = 1;
	classes = {
	};
	objectVersion = 51;
	objects = {

/* Begin PBXBuildFile section */
		48BE410CAC4A100DF5D9233A /* Pods_SFJTableKitDemo_SFJTableKitDemoUITests.framework in Frameworks */ = {isa = PBXBuildFile; fileRef = B65717C31256168A2339152C /* Pods_SFJTableKitDemo_SFJTableKitDemoUITests.framework */; };
		50DA5409A1D46305420A1711 /* Pods_SFJTableKitDemo.framework in Frameworks */ = {isa = PBXBuildFile; fileRef = 664809C1FA6EF8E94CE255EB /* Pods_SFJTableKitDemo.framework */; };
		81405AEA25B924A7002DF568 /* FlatTableViewController.swift in Sources */ = {isa = PBXBuildFile; fileRef = 81405AE925B924A7002DF568 /* FlatTableViewController.swift */; };
		81405AEF25B9270F002DF568 /* SFJFlatTableViewController.swift in Sources */ = {isa = PBXBuildFile; fileRef = 81405AEE25B9270F002DF568 /* SFJFlatTableViewController.swift */; };
		8147A0C325BEA36C00152FBF /* EmptyTableViewController.swift in Sources */ = {isa = PBXBuildFile; fileRef = 8147A0C225BEA36C00152FBF /* EmptyTableViewController.swift */; };
		8147A0CB25BEC40800152FBF /* BaseScrollView.swift in Sources */ = {isa = PBXBuildFile; fileRef = 8147A0CA25BEC40800152FBF /* BaseScrollView.swift */; };
		8147A0D025BECE4F00152FBF /* EmptyScollViewController.swift in Sources */ = {isa = PBXBuildFile; fileRef = 8147A0CF25BECE4F00152FBF /* EmptyScollViewController.swift */; };
		81670D2025B81FDA001C8883 /* AppDelegate.swift in Sources */ = {isa = PBXBuildFile; fileRef = 81670D1F25B81FDA001C8883 /* AppDelegate.swift */; };
		81670D2425B81FDA001C8883 /* ViewController.swift in Sources */ = {isa = PBXBuildFile; fileRef = 81670D2325B81FDA001C8883 /* ViewController.swift */; };
		81670D2725B81FDA001C8883 /* Main.storyboard in Resources */ = {isa = PBXBuildFile; fileRef = 81670D2525B81FDA001C8883 /* Main.storyboard */; };
		81670D2925B81FDC001C8883 /* Assets.xcassets in Resources */ = {isa = PBXBuildFile; fileRef = 81670D2825B81FDC001C8883 /* Assets.xcassets */; };
		81670D2C25B81FDC001C8883 /* LaunchScreen.storyboard in Resources */ = {isa = PBXBuildFile; fileRef = 81670D2A25B81FDC001C8883 /* LaunchScreen.storyboard */; };
		81670D3725B81FDC001C8883 /* SFJTableKitDemoTests.swift in Sources */ = {isa = PBXBuildFile; fileRef = 81670D3625B81FDC001C8883 /* SFJTableKitDemoTests.swift */; };
		81670D4225B81FDC001C8883 /* SFJTableKitDemoUITests.swift in Sources */ = {isa = PBXBuildFile; fileRef = 81670D4125B81FDC001C8883 /* SFJTableKitDemoUITests.swift */; };
		81670D5925B8226A001C8883 /* BaseTableViewController.swift in Sources */ = {isa = PBXBuildFile; fileRef = 81670D5825B8226A001C8883 /* BaseTableViewController.swift */; };
		81670D5E25B82ADC001C8883 /* EmptyViewStatus.swift in Sources */ = {isa = PBXBuildFile; fileRef = 81670D5D25B82ADC001C8883 /* EmptyViewStatus.swift */; };
		81D8B29D25BFA7A10005A84A /* GroupTableViewController.swift in Sources */ = {isa = PBXBuildFile; fileRef = 81D8B29C25BFA7A10005A84A /* GroupTableViewController.swift */; };
		81D8B2A225BFA8440005A84A /* SectionModel.swift in Sources */ = {isa = PBXBuildFile; fileRef = 81D8B2A125BFA8440005A84A /* SectionModel.swift */; };
		81D8B2A725BFAFAA0005A84A /* SFJGroupTableViewController.swift in Sources */ = {isa = PBXBuildFile; fileRef = 81D8B2A625BFAFAA0005A84A /* SFJGroupTableViewController.swift */; };
		81E3180825BE5697002CEA01 /* EmptyTableView.swift in Sources */ = {isa = PBXBuildFile; fileRef = 81E3180725BE5697002CEA01 /* EmptyTableView.swift */; };
		F0E07BB356854AB536684049 /* Pods_SFJTableKitDemoTests.framework in Frameworks */ = {isa = PBXBuildFile; fileRef = 3F6D952620BCD1AE34071E74 /* Pods_SFJTableKitDemoTests.framework */; };
/* End PBXBuildFile section */

/* Begin PBXContainerItemProxy section */
		81670D3325B81FDC001C8883 /* PBXContainerItemProxy */ = {
			isa = PBXContainerItemProxy;
			containerPortal = 81670D1425B81FDA001C8883 /* Project object */;
			proxyType = 1;
			remoteGlobalIDString = 81670D1B25B81FDA001C8883;
			remoteInfo = SFJTableKitDemo;
		};
		81670D3E25B81FDC001C8883 /* PBXContainerItemProxy */ = {
			isa = PBXContainerItemProxy;
			containerPortal = 81670D1425B81FDA001C8883 /* Project object */;
			proxyType = 1;
			remoteGlobalIDString = 81670D1B25B81FDA001C8883;
			remoteInfo = SFJTableKitDemo;
		};
/* End PBXContainerItemProxy section */

/* Begin PBXFileReference section */
		1DF53243ADB88C998ABD7B4F /* Pods-SFJTableKitDemo-SFJTableKitDemoUITests.debug.xcconfig */ = {isa = PBXFileReference; includeInIndex = 1; lastKnownFileType = text.xcconfig; name = "Pods-SFJTableKitDemo-SFJTableKitDemoUITests.debug.xcconfig"; path = "Target Support Files/Pods-SFJTableKitDemo-SFJTableKitDemoUITests/Pods-SFJTableKitDemo-SFJTableKitDemoUITests.debug.xcconfig"; sourceTree = "<group>"; };
		3F6D952620BCD1AE34071E74 /* Pods_SFJTableKitDemoTests.framework */ = {isa = PBXFileReference; explicitFileType = wrapper.framework; includeInIndex = 0; path = Pods_SFJTableKitDemoTests.framework; sourceTree = BUILT_PRODUCTS_DIR; };
		4182AEC20DAFDAFD1FABFD6C /* Pods-SFJTableKitDemo.debug.xcconfig */ = {isa = PBXFileReference; includeInIndex = 1; lastKnownFileType = text.xcconfig; name = "Pods-SFJTableKitDemo.debug.xcconfig"; path = "Target Support Files/Pods-SFJTableKitDemo/Pods-SFJTableKitDemo.debug.xcconfig"; sourceTree = "<group>"; };
		4F5E3036364CED2DDD8D0EBB /* Pods-SFJTableKitDemoTests.debug.xcconfig */ = {isa = PBXFileReference; includeInIndex = 1; lastKnownFileType = text.xcconfig; name = "Pods-SFJTableKitDemoTests.debug.xcconfig"; path = "Target Support Files/Pods-SFJTableKitDemoTests/Pods-SFJTableKitDemoTests.debug.xcconfig"; sourceTree = "<group>"; };
		5D78FA4BFE11597ED5654695 /* Pods-SFJTableKitDemo.release.xcconfig */ = {isa = PBXFileReference; includeInIndex = 1; lastKnownFileType = text.xcconfig; name = "Pods-SFJTableKitDemo.release.xcconfig"; path = "Target Support Files/Pods-SFJTableKitDemo/Pods-SFJTableKitDemo.release.xcconfig"; sourceTree = "<group>"; };
		664809C1FA6EF8E94CE255EB /* Pods_SFJTableKitDemo.framework */ = {isa = PBXFileReference; explicitFileType = wrapper.framework; includeInIndex = 0; path = Pods_SFJTableKitDemo.framework; sourceTree = BUILT_PRODUCTS_DIR; };
		76365E8679A5F3EA4C989C56 /* Pods-SFJTableKitDemoTests.release.xcconfig */ = {isa = PBXFileReference; includeInIndex = 1; lastKnownFileType = text.xcconfig; name = "Pods-SFJTableKitDemoTests.release.xcconfig"; path = "Target Support Files/Pods-SFJTableKitDemoTests/Pods-SFJTableKitDemoTests.release.xcconfig"; sourceTree = "<group>"; };
		81405AE925B924A7002DF568 /* FlatTableViewController.swift */ = {isa = PBXFileReference; lastKnownFileType = sourcecode.swift; path = FlatTableViewController.swift; sourceTree = "<group>"; };
		81405AEE25B9270F002DF568 /* SFJFlatTableViewController.swift */ = {isa = PBXFileReference; lastKnownFileType = sourcecode.swift; path = SFJFlatTableViewController.swift; sourceTree = "<group>"; };
		8147A0C225BEA36C00152FBF /* EmptyTableViewController.swift */ = {isa = PBXFileReference; lastKnownFileType = sourcecode.swift; path = EmptyTableViewController.swift; sourceTree = "<group>"; };
		8147A0CA25BEC40800152FBF /* BaseScrollView.swift */ = {isa = PBXFileReference; lastKnownFileType = sourcecode.swift; path = BaseScrollView.swift; sourceTree = "<group>"; };
		8147A0CF25BECE4F00152FBF /* EmptyScollViewController.swift */ = {isa = PBXFileReference; lastKnownFileType = sourcecode.swift; path = EmptyScollViewController.swift; sourceTree = "<group>"; };
		81670D1C25B81FDA001C8883 /* SFJTableKitDemo.app */ = {isa = PBXFileReference; explicitFileType = wrapper.application; includeInIndex = 0; path = SFJTableKitDemo.app; sourceTree = BUILT_PRODUCTS_DIR; };
		81670D1F25B81FDA001C8883 /* AppDelegate.swift */ = {isa = PBXFileReference; lastKnownFileType = sourcecode.swift; path = AppDelegate.swift; sourceTree = "<group>"; };
		81670D2325B81FDA001C8883 /* ViewController.swift */ = {isa = PBXFileReference; lastKnownFileType = sourcecode.swift; path = ViewController.swift; sourceTree = "<group>"; };
		81670D2625B81FDA001C8883 /* Base */ = {isa = PBXFileReference; lastKnownFileType = file.storyboard; name = Base; path = Base.lproj/Main.storyboard; sourceTree = "<group>"; };
		81670D2825B81FDC001C8883 /* Assets.xcassets */ = {isa = PBXFileReference; lastKnownFileType = folder.assetcatalog; path = Assets.xcassets; sourceTree = "<group>"; };
		81670D2B25B81FDC001C8883 /* Base */ = {isa = PBXFileReference; lastKnownFileType = file.storyboard; name = Base; path = Base.lproj/LaunchScreen.storyboard; sourceTree = "<group>"; };
		81670D2D25B81FDC001C8883 /* Info.plist */ = {isa = PBXFileReference; lastKnownFileType = text.plist.xml; path = Info.plist; sourceTree = "<group>"; };
		81670D3225B81FDC001C8883 /* SFJTableKitDemoTests.xctest */ = {isa = PBXFileReference; explicitFileType = wrapper.cfbundle; includeInIndex = 0; path = SFJTableKitDemoTests.xctest; sourceTree = BUILT_PRODUCTS_DIR; };
		81670D3625B81FDC001C8883 /* SFJTableKitDemoTests.swift */ = {isa = PBXFileReference; lastKnownFileType = sourcecode.swift; path = SFJTableKitDemoTests.swift; sourceTree = "<group>"; };
		81670D3825B81FDC001C8883 /* Info.plist */ = {isa = PBXFileReference; lastKnownFileType = text.plist.xml; path = Info.plist; sourceTree = "<group>"; };
		81670D3D25B81FDC001C8883 /* SFJTableKitDemoUITests.xctest */ = {isa = PBXFileReference; explicitFileType = wrapper.cfbundle; includeInIndex = 0; path = SFJTableKitDemoUITests.xctest; sourceTree = BUILT_PRODUCTS_DIR; };
		81670D4125B81FDC001C8883 /* SFJTableKitDemoUITests.swift */ = {isa = PBXFileReference; lastKnownFileType = sourcecode.swift; path = SFJTableKitDemoUITests.swift; sourceTree = "<group>"; };
		81670D4325B81FDC001C8883 /* Info.plist */ = {isa = PBXFileReference; lastKnownFileType = text.plist.xml; path = Info.plist; sourceTree = "<group>"; };
		81670D5825B8226A001C8883 /* BaseTableViewController.swift */ = {isa = PBXFileReference; lastKnownFileType = sourcecode.swift; path = BaseTableViewController.swift; sourceTree = "<group>"; };
		81670D5D25B82ADC001C8883 /* EmptyViewStatus.swift */ = {isa = PBXFileReference; lastKnownFileType = sourcecode.swift; path = EmptyViewStatus.swift; sourceTree = "<group>"; };
		81670EB925B85EEF001C8883 /* SFJTableKitDemo-Bridging-Header.h */ = {isa = PBXFileReference; lastKnownFileType = sourcecode.c.h; path = "SFJTableKitDemo-Bridging-Header.h"; sourceTree = "<group>"; };
		81D8B29C25BFA7A10005A84A /* GroupTableViewController.swift */ = {isa = PBXFileReference; lastKnownFileType = sourcecode.swift; path = GroupTableViewController.swift; sourceTree = "<group>"; };
		81D8B2A125BFA8440005A84A /* SectionModel.swift */ = {isa = PBXFileReference; lastKnownFileType = sourcecode.swift; path = SectionModel.swift; sourceTree = "<group>"; };
		81D8B2A625BFAFAA0005A84A /* SFJGroupTableViewController.swift */ = {isa = PBXFileReference; lastKnownFileType = sourcecode.swift; path = SFJGroupTableViewController.swift; sourceTree = "<group>"; };
		81E3180725BE5697002CEA01 /* EmptyTableView.swift */ = {isa = PBXFileReference; lastKnownFileType = sourcecode.swift; path = EmptyTableView.swift; sourceTree = "<group>"; };
		B65717C31256168A2339152C /* Pods_SFJTableKitDemo_SFJTableKitDemoUITests.framework */ = {isa = PBXFileReference; explicitFileType = wrapper.framework; includeInIndex = 0; path = Pods_SFJTableKitDemo_SFJTableKitDemoUITests.framework; sourceTree = BUILT_PRODUCTS_DIR; };
		F8805E8758D5BDF76783D5F3 /* Pods-SFJTableKitDemo-SFJTableKitDemoUITests.release.xcconfig */ = {isa = PBXFileReference; includeInIndex = 1; lastKnownFileType = text.xcconfig; name = "Pods-SFJTableKitDemo-SFJTableKitDemoUITests.release.xcconfig"; path = "Target Support Files/Pods-SFJTableKitDemo-SFJTableKitDemoUITests/Pods-SFJTableKitDemo-SFJTableKitDemoUITests.release.xcconfig"; sourceTree = "<group>"; };
/* End PBXFileReference section */

/* Begin PBXFrameworksBuildPhase section */
		81670D1925B81FDA001C8883 /* Frameworks */ = {
			isa = PBXFrameworksBuildPhase;
			buildActionMask = 2147483647;
			files = (
				50DA5409A1D46305420A1711 /* Pods_SFJTableKitDemo.framework in Frameworks */,
			);
			runOnlyForDeploymentPostprocessing = 0;
		};
		81670D2F25B81FDC001C8883 /* Frameworks */ = {
			isa = PBXFrameworksBuildPhase;
			buildActionMask = 2147483647;
			files = (
				F0E07BB356854AB536684049 /* Pods_SFJTableKitDemoTests.framework in Frameworks */,
			);
			runOnlyForDeploymentPostprocessing = 0;
		};
		81670D3A25B81FDC001C8883 /* Frameworks */ = {
			isa = PBXFrameworksBuildPhase;
			buildActionMask = 2147483647;
			files = (
				48BE410CAC4A100DF5D9233A /* Pods_SFJTableKitDemo_SFJTableKitDemoUITests.framework in Frameworks */,
			);
			runOnlyForDeploymentPostprocessing = 0;
		};
/* End PBXFrameworksBuildPhase section */

/* Begin PBXGroup section */
		50D533328110569F0B3ACDEA /* Frameworks */ = {
			isa = PBXGroup;
			children = (
				664809C1FA6EF8E94CE255EB /* Pods_SFJTableKitDemo.framework */,
				B65717C31256168A2339152C /* Pods_SFJTableKitDemo_SFJTableKitDemoUITests.framework */,
				3F6D952620BCD1AE34071E74 /* Pods_SFJTableKitDemoTests.framework */,
			);
			name = Frameworks;
			sourceTree = "<group>";
		};
		7B9D57B9451BD707CC9B4E62 /* Pods */ = {
			isa = PBXGroup;
			children = (
				4182AEC20DAFDAFD1FABFD6C /* Pods-SFJTableKitDemo.debug.xcconfig */,
				5D78FA4BFE11597ED5654695 /* Pods-SFJTableKitDemo.release.xcconfig */,
				1DF53243ADB88C998ABD7B4F /* Pods-SFJTableKitDemo-SFJTableKitDemoUITests.debug.xcconfig */,
				F8805E8758D5BDF76783D5F3 /* Pods-SFJTableKitDemo-SFJTableKitDemoUITests.release.xcconfig */,
				4F5E3036364CED2DDD8D0EBB /* Pods-SFJTableKitDemoTests.debug.xcconfig */,
				76365E8679A5F3EA4C989C56 /* Pods-SFJTableKitDemoTests.release.xcconfig */,
			);
			path = Pods;
			sourceTree = "<group>";
		};
		81670D1325B81FDA001C8883 = {
			isa = PBXGroup;
			children = (
				81670D1E25B81FDA001C8883 /* SFJTableKitDemo */,
				81670D3525B81FDC001C8883 /* SFJTableKitDemoTests */,
				81670D4025B81FDC001C8883 /* SFJTableKitDemoUITests */,
				81670D1D25B81FDA001C8883 /* Products */,
				7B9D57B9451BD707CC9B4E62 /* Pods */,
				50D533328110569F0B3ACDEA /* Frameworks */,
			);
			sourceTree = "<group>";
		};
		81670D1D25B81FDA001C8883 /* Products */ = {
			isa = PBXGroup;
			children = (
				81670D1C25B81FDA001C8883 /* SFJTableKitDemo.app */,
				81670D3225B81FDC001C8883 /* SFJTableKitDemoTests.xctest */,
				81670D3D25B81FDC001C8883 /* SFJTableKitDemoUITests.xctest */,
			);
			name = Products;
			sourceTree = "<group>";
		};
		81670D1E25B81FDA001C8883 /* SFJTableKitDemo */ = {
			isa = PBXGroup;
			children = (
				81670D1F25B81FDA001C8883 /* AppDelegate.swift */,
				81670D2325B81FDA001C8883 /* ViewController.swift */,
				81670D2525B81FDA001C8883 /* Main.storyboard */,
				81670D2825B81FDC001C8883 /* Assets.xcassets */,
				81670D2A25B81FDC001C8883 /* LaunchScreen.storyboard */,
				81670D2D25B81FDC001C8883 /* Info.plist */,
				81670D5825B8226A001C8883 /* BaseTableViewController.swift */,
				81E3180725BE5697002CEA01 /* EmptyTableView.swift */,
				8147A0CA25BEC40800152FBF /* BaseScrollView.swift */,
				81670D5D25B82ADC001C8883 /* EmptyViewStatus.swift */,
				81405AE925B924A7002DF568 /* FlatTableViewController.swift */,
				81D8B29C25BFA7A10005A84A /* GroupTableViewController.swift */,
				81405AEE25B9270F002DF568 /* SFJFlatTableViewController.swift */,
				81D8B2A625BFAFAA0005A84A /* SFJGroupTableViewController.swift */,
				8147A0C225BEA36C00152FBF /* EmptyTableViewController.swift */,
				8147A0CF25BECE4F00152FBF /* EmptyScollViewController.swift */,
				81670EB925B85EEF001C8883 /* SFJTableKitDemo-Bridging-Header.h */,
				81D8B2A125BFA8440005A84A /* SectionModel.swift */,
			);
			path = SFJTableKitDemo;
			sourceTree = "<group>";
		};
		81670D3525B81FDC001C8883 /* SFJTableKitDemoTests */ = {
			isa = PBXGroup;
			children = (
				81670D3625B81FDC001C8883 /* SFJTableKitDemoTests.swift */,
				81670D3825B81FDC001C8883 /* Info.plist */,
			);
			path = SFJTableKitDemoTests;
			sourceTree = "<group>";
		};
		81670D4025B81FDC001C8883 /* SFJTableKitDemoUITests */ = {
			isa = PBXGroup;
			children = (
				81670D4125B81FDC001C8883 /* SFJTableKitDemoUITests.swift */,
				81670D4325B81FDC001C8883 /* Info.plist */,
			);
			path = SFJTableKitDemoUITests;
			sourceTree = "<group>";
		};
/* End PBXGroup section */

/* Begin PBXNativeTarget section */
		81670D1B25B81FDA001C8883 /* SFJTableKitDemo */ = {
			isa = PBXNativeTarget;
			buildConfigurationList = 81670D4625B81FDC001C8883 /* Build configuration list for PBXNativeTarget "SFJTableKitDemo" */;
			buildPhases = (
				D09456E273F7739D6E40BC94 /* [CP] Check Pods Manifest.lock */,
				81670D1825B81FDA001C8883 /* Sources */,
				81670D1925B81FDA001C8883 /* Frameworks */,
				81670D1A25B81FDA001C8883 /* Resources */,
				13445A320ED75FFC561101FC /* [CP] Embed Pods Frameworks */,
			);
			buildRules = (
			);
			dependencies = (
			);
			name = SFJTableKitDemo;
			productName = SFJTableKitDemo;
			productReference = 81670D1C25B81FDA001C8883 /* SFJTableKitDemo.app */;
			productType = "com.apple.product-type.application";
		};
		81670D3125B81FDC001C8883 /* SFJTableKitDemoTests */ = {
			isa = PBXNativeTarget;
			buildConfigurationList = 81670D4925B81FDC001C8883 /* Build configuration list for PBXNativeTarget "SFJTableKitDemoTests" */;
			buildPhases = (
				3364F17C59518323C86AA1A5 /* [CP] Check Pods Manifest.lock */,
				81670D2E25B81FDC001C8883 /* Sources */,
				81670D2F25B81FDC001C8883 /* Frameworks */,
				81670D3025B81FDC001C8883 /* Resources */,
			);
			buildRules = (
			);
			dependencies = (
				81670D3425B81FDC001C8883 /* PBXTargetDependency */,
			);
			name = SFJTableKitDemoTests;
			productName = SFJTableKitDemoTests;
			productReference = 81670D3225B81FDC001C8883 /* SFJTableKitDemoTests.xctest */;
			productType = "com.apple.product-type.bundle.unit-test";
		};
		81670D3C25B81FDC001C8883 /* SFJTableKitDemoUITests */ = {
			isa = PBXNativeTarget;
			buildConfigurationList = 81670D4C25B81FDC001C8883 /* Build configuration list for PBXNativeTarget "SFJTableKitDemoUITests" */;
			buildPhases = (
				1068C17A7121858E4F75A349 /* [CP] Check Pods Manifest.lock */,
				81670D3925B81FDC001C8883 /* Sources */,
				81670D3A25B81FDC001C8883 /* Frameworks */,
				81670D3B25B81FDC001C8883 /* Resources */,
				9AF356DC39A81E54BF5714F4 /* [CP] Embed Pods Frameworks */,
			);
			buildRules = (
			);
			dependencies = (
				81670D3F25B81FDC001C8883 /* PBXTargetDependency */,
			);
			name = SFJTableKitDemoUITests;
			productName = SFJTableKitDemoUITests;
			productReference = 81670D3D25B81FDC001C8883 /* SFJTableKitDemoUITests.xctest */;
			productType = "com.apple.product-type.bundle.ui-testing";
		};
/* End PBXNativeTarget section */

/* Begin PBXProject section */
		81670D1425B81FDA001C8883 /* Project object */ = {
			isa = PBXProject;
			attributes = {
				LastSwiftUpdateCheck = 1230;
				LastUpgradeCheck = 1230;
				TargetAttributes = {
					81670D1B25B81FDA001C8883 = {
						CreatedOnToolsVersion = 12.3;
					};
					81670D3125B81FDC001C8883 = {
						CreatedOnToolsVersion = 12.3;
						TestTargetID = 81670D1B25B81FDA001C8883;
					};
					81670D3C25B81FDC001C8883 = {
						CreatedOnToolsVersion = 12.3;
						TestTargetID = 81670D1B25B81FDA001C8883;
					};
				};
			};
			buildConfigurationList = 81670D1725B81FDA001C8883 /* Build configuration list for PBXProject "SFJTableKitDemo" */;
			compatibilityVersion = "Xcode 9.3";
			developmentRegion = en;
			hasScannedForEncodings = 0;
			knownRegions = (
				en,
				Base,
			);
			mainGroup = 81670D1325B81FDA001C8883;
			productRefGroup = 81670D1D25B81FDA001C8883 /* Products */;
			projectDirPath = "";
			projectRoot = "";
			targets = (
				81670D1B25B81FDA001C8883 /* SFJTableKitDemo */,
				81670D3125B81FDC001C8883 /* SFJTableKitDemoTests */,
				81670D3C25B81FDC001C8883 /* SFJTableKitDemoUITests */,
			);
		};
/* End PBXProject section */

/* Begin PBXResourcesBuildPhase section */
		81670D1A25B81FDA001C8883 /* Resources */ = {
			isa = PBXResourcesBuildPhase;
			buildActionMask = 2147483647;
			files = (
				81670D2C25B81FDC001C8883 /* LaunchScreen.storyboard in Resources */,
				81670D2925B81FDC001C8883 /* Assets.xcassets in Resources */,
				81670D2725B81FDA001C8883 /* Main.storyboard in Resources */,
			);
			runOnlyForDeploymentPostprocessing = 0;
		};
		81670D3025B81FDC001C8883 /* Resources */ = {
			isa = PBXResourcesBuildPhase;
			buildActionMask = 2147483647;
			files = (
			);
			runOnlyForDeploymentPostprocessing = 0;
		};
		81670D3B25B81FDC001C8883 /* Resources */ = {
			isa = PBXResourcesBuildPhase;
			buildActionMask = 2147483647;
			files = (
			);
			runOnlyForDeploymentPostprocessing = 0;
		};
/* End PBXResourcesBuildPhase section */

/* Begin PBXShellScriptBuildPhase section */
		1068C17A7121858E4F75A349 /* [CP] Check Pods Manifest.lock */ = {
			isa = PBXShellScriptBuildPhase;
			buildActionMask = 2147483647;
			files = (
			);
			inputFileListPaths = (
			);
			inputPaths = (
				"${PODS_PODFILE_DIR_PATH}/Podfile.lock",
				"${PODS_ROOT}/Manifest.lock",
			);
			name = "[CP] Check Pods Manifest.lock";
			outputFileListPaths = (
			);
			outputPaths = (
				"$(DERIVED_FILE_DIR)/Pods-SFJTableKitDemo-SFJTableKitDemoUITests-checkManifestLockResult.txt",
			);
			runOnlyForDeploymentPostprocessing = 0;
			shellPath = /bin/sh;
			shellScript = "diff \"${PODS_PODFILE_DIR_PATH}/Podfile.lock\" \"${PODS_ROOT}/Manifest.lock\" > /dev/null\nif [ $? != 0 ] ; then\n    # print error to STDERR\n    echo \"error: The sandbox is not in sync with the Podfile.lock. Run 'pod install' or update your CocoaPods installation.\" >&2\n    exit 1\nfi\n# This output is used by Xcode 'outputs' to avoid re-running this script phase.\necho \"SUCCESS\" > \"${SCRIPT_OUTPUT_FILE_0}\"\n";
			showEnvVarsInLog = 0;
		};
		13445A320ED75FFC561101FC /* [CP] Embed Pods Frameworks */ = {
			isa = PBXShellScriptBuildPhase;
			buildActionMask = 2147483647;
			files = (
			);
			inputFileListPaths = (
				"${PODS_ROOT}/Target Support Files/Pods-SFJTableKitDemo/Pods-SFJTableKitDemo-frameworks-${CONFIGURATION}-input-files.xcfilelist",
			);
			name = "[CP] Embed Pods Frameworks";
			outputFileListPaths = (
				"${PODS_ROOT}/Target Support Files/Pods-SFJTableKitDemo/Pods-SFJTableKitDemo-frameworks-${CONFIGURATION}-output-files.xcfilelist",
			);
			runOnlyForDeploymentPostprocessing = 0;
			shellPath = /bin/sh;
			shellScript = "\"${PODS_ROOT}/Target Support Files/Pods-SFJTableKitDemo/Pods-SFJTableKitDemo-frameworks.sh\"\n";
			showEnvVarsInLog = 0;
		};
		3364F17C59518323C86AA1A5 /* [CP] Check Pods Manifest.lock */ = {
			isa = PBXShellScriptBuildPhase;
			buildActionMask = 2147483647;
			files = (
			);
			inputFileListPaths = (
			);
			inputPaths = (
				"${PODS_PODFILE_DIR_PATH}/Podfile.lock",
				"${PODS_ROOT}/Manifest.lock",
			);
			name = "[CP] Check Pods Manifest.lock";
			outputFileListPaths = (
			);
			outputPaths = (
				"$(DERIVED_FILE_DIR)/Pods-SFJTableKitDemoTests-checkManifestLockResult.txt",
			);
			runOnlyForDeploymentPostprocessing = 0;
			shellPath = /bin/sh;
			shellScript = "diff \"${PODS_PODFILE_DIR_PATH}/Podfile.lock\" \"${PODS_ROOT}/Manifest.lock\" > /dev/null\nif [ $? != 0 ] ; then\n    # print error to STDERR\n    echo \"error: The sandbox is not in sync with the Podfile.lock. Run 'pod install' or update your CocoaPods installation.\" >&2\n    exit 1\nfi\n# This output is used by Xcode 'outputs' to avoid re-running this script phase.\necho \"SUCCESS\" > \"${SCRIPT_OUTPUT_FILE_0}\"\n";
			showEnvVarsInLog = 0;
		};
		9AF356DC39A81E54BF5714F4 /* [CP] Embed Pods Frameworks */ = {
			isa = PBXShellScriptBuildPhase;
			buildActionMask = 2147483647;
			files = (
			);
			inputFileListPaths = (
				"${PODS_ROOT}/Target Support Files/Pods-SFJTableKitDemo-SFJTableKitDemoUITests/Pods-SFJTableKitDemo-SFJTableKitDemoUITests-frameworks-${CONFIGURATION}-input-files.xcfilelist",
			);
			name = "[CP] Embed Pods Frameworks";
			outputFileListPaths = (
				"${PODS_ROOT}/Target Support Files/Pods-SFJTableKitDemo-SFJTableKitDemoUITests/Pods-SFJTableKitDemo-SFJTableKitDemoUITests-frameworks-${CONFIGURATION}-output-files.xcfilelist",
			);
			runOnlyForDeploymentPostprocessing = 0;
			shellPath = /bin/sh;
			shellScript = "\"${PODS_ROOT}/Target Support Files/Pods-SFJTableKitDemo-SFJTableKitDemoUITests/Pods-SFJTableKitDemo-SFJTableKitDemoUITests-frameworks.sh\"\n";
			showEnvVarsInLog = 0;
		};
		D09456E273F7739D6E40BC94 /* [CP] Check Pods Manifest.lock */ = {
			isa = PBXShellScriptBuildPhase;
			buildActionMask = 2147483647;
			files = (
			);
			inputFileListPaths = (
			);
			inputPaths = (
				"${PODS_PODFILE_DIR_PATH}/Podfile.lock",
				"${PODS_ROOT}/Manifest.lock",
			);
			name = "[CP] Check Pods Manifest.lock";
			outputFileListPaths = (
			);
			outputPaths = (
				"$(DERIVED_FILE_DIR)/Pods-SFJTableKitDemo-checkManifestLockResult.txt",
			);
			runOnlyForDeploymentPostprocessing = 0;
			shellPath = /bin/sh;
			shellScript = "diff \"${PODS_PODFILE_DIR_PATH}/Podfile.lock\" \"${PODS_ROOT}/Manifest.lock\" > /dev/null\nif [ $? != 0 ] ; then\n    # print error to STDERR\n    echo \"error: The sandbox is not in sync with the Podfile.lock. Run 'pod install' or update your CocoaPods installation.\" >&2\n    exit 1\nfi\n# This output is used by Xcode 'outputs' to avoid re-running this script phase.\necho \"SUCCESS\" > \"${SCRIPT_OUTPUT_FILE_0}\"\n";
			showEnvVarsInLog = 0;
		};
/* End PBXShellScriptBuildPhase section */

/* Begin PBXSourcesBuildPhase section */
		81670D1825B81FDA001C8883 /* Sources */ = {
			isa = PBXSourcesBuildPhase;
			buildActionMask = 2147483647;
			files = (
				81E3180825BE5697002CEA01 /* EmptyTableView.swift in Sources */,
				81405AEF25B9270F002DF568 /* SFJFlatTableViewController.swift in Sources */,
				81670D5925B8226A001C8883 /* BaseTableViewController.swift in Sources */,
				81670D2425B81FDA001C8883 /* ViewController.swift in Sources */,
				81670D5E25B82ADC001C8883 /* EmptyViewStatus.swift in Sources */,
				81670D2025B81FDA001C8883 /* AppDelegate.swift in Sources */,
				8147A0CB25BEC40800152FBF /* BaseScrollView.swift in Sources */,
				81405AEA25B924A7002DF568 /* FlatTableViewController.swift in Sources */,
				8147A0D025BECE4F00152FBF /* EmptyScollViewController.swift in Sources */,
				8147A0C325BEA36C00152FBF /* EmptyTableViewController.swift in Sources */,
				81D8B2A725BFAFAA0005A84A /* SFJGroupTableViewController.swift in Sources */,
				81D8B29D25BFA7A10005A84A /* GroupTableViewController.swift in Sources */,
				81D8B2A225BFA8440005A84A /* SectionModel.swift in Sources */,
			);
			runOnlyForDeploymentPostprocessing = 0;
		};
		81670D2E25B81FDC001C8883 /* Sources */ = {
			isa = PBXSourcesBuildPhase;
			buildActionMask = 2147483647;
			files = (
				81670D3725B81FDC001C8883 /* SFJTableKitDemoTests.swift in Sources */,
			);
			runOnlyForDeploymentPostprocessing = 0;
		};
		81670D3925B81FDC001C8883 /* Sources */ = {
			isa = PBXSourcesBuildPhase;
			buildActionMask = 2147483647;
			files = (
				81670D4225B81FDC001C8883 /* SFJTableKitDemoUITests.swift in Sources */,
			);
			runOnlyForDeploymentPostprocessing = 0;
		};
/* End PBXSourcesBuildPhase section */

/* Begin PBXTargetDependency section */
		81670D3425B81FDC001C8883 /* PBXTargetDependency */ = {
			isa = PBXTargetDependency;
			target = 81670D1B25B81FDA001C8883 /* SFJTableKitDemo */;
			targetProxy = 81670D3325B81FDC001C8883 /* PBXContainerItemProxy */;
		};
		81670D3F25B81FDC001C8883 /* PBXTargetDependency */ = {
			isa = PBXTargetDependency;
			target = 81670D1B25B81FDA001C8883 /* SFJTableKitDemo */;
			targetProxy = 81670D3E25B81FDC001C8883 /* PBXContainerItemProxy */;
		};
/* End PBXTargetDependency section */

/* Begin PBXVariantGroup section */
		81670D2525B81FDA001C8883 /* Main.storyboard */ = {
			isa = PBXVariantGroup;
			children = (
				81670D2625B81FDA001C8883 /* Base */,
			);
			name = Main.storyboard;
			sourceTree = "<group>";
		};
		81670D2A25B81FDC001C8883 /* LaunchScreen.storyboard */ = {
			isa = PBXVariantGroup;
			children = (
				81670D2B25B81FDC001C8883 /* Base */,
			);
			name = LaunchScreen.storyboard;
			sourceTree = "<group>";
		};
/* End PBXVariantGroup section */

/* Begin XCBuildConfiguration section */
		81670D4425B81FDC001C8883 /* Debug */ = {
			isa = XCBuildConfiguration;
			buildSettings = {
				ALWAYS_SEARCH_USER_PATHS = NO;
				CLANG_ANALYZER_NONNULL = YES;
				CLANG_ANALYZER_NUMBER_OBJECT_CONVERSION = YES_AGGRESSIVE;
				CLANG_CXX_LANGUAGE_STANDARD = "gnu++14";
				CLANG_CXX_LIBRARY = "libc++";
				CLANG_ENABLE_MODULES = YES;
				CLANG_ENABLE_OBJC_ARC = YES;
				CLANG_ENABLE_OBJC_WEAK = YES;
				CLANG_WARN_BLOCK_CAPTURE_AUTORELEASING = YES;
				CLANG_WARN_BOOL_CONVERSION = YES;
				CLANG_WARN_COMMA = YES;
				CLANG_WARN_CONSTANT_CONVERSION = YES;
				CLANG_WARN_DEPRECATED_OBJC_IMPLEMENTATIONS = YES;
				CLANG_WARN_DIRECT_OBJC_ISA_USAGE = YES_ERROR;
				CLANG_WARN_DOCUMENTATION_COMMENTS = YES;
				CLANG_WARN_EMPTY_BODY = YES;
				CLANG_WARN_ENUM_CONVERSION = YES;
				CLANG_WARN_INFINITE_RECURSION = YES;
				CLANG_WARN_INT_CONVERSION = YES;
				CLANG_WARN_NON_LITERAL_NULL_CONVERSION = YES;
				CLANG_WARN_OBJC_IMPLICIT_RETAIN_SELF = YES;
				CLANG_WARN_OBJC_LITERAL_CONVERSION = YES;
				CLANG_WARN_OBJC_ROOT_CLASS = YES_ERROR;
				CLANG_WARN_QUOTED_INCLUDE_IN_FRAMEWORK_HEADER = YES;
				CLANG_WARN_RANGE_LOOP_ANALYSIS = YES;
				CLANG_WARN_STRICT_PROTOTYPES = YES;
				CLANG_WARN_SUSPICIOUS_MOVE = YES;
				CLANG_WARN_UNGUARDED_AVAILABILITY = YES_AGGRESSIVE;
				CLANG_WARN_UNREACHABLE_CODE = YES;
				CLANG_WARN__DUPLICATE_METHOD_MATCH = YES;
				COPY_PHASE_STRIP = NO;
				DEBUG_INFORMATION_FORMAT = dwarf;
				ENABLE_STRICT_OBJC_MSGSEND = YES;
				ENABLE_TESTABILITY = YES;
				GCC_C_LANGUAGE_STANDARD = gnu11;
				GCC_DYNAMIC_NO_PIC = NO;
				GCC_NO_COMMON_BLOCKS = YES;
				GCC_OPTIMIZATION_LEVEL = 0;
				GCC_PREPROCESSOR_DEFINITIONS = (
					"DEBUG=1",
					"$(inherited)",
				);
				GCC_WARN_64_TO_32_BIT_CONVERSION = YES;
				GCC_WARN_ABOUT_RETURN_TYPE = YES_ERROR;
				GCC_WARN_UNDECLARED_SELECTOR = YES;
				GCC_WARN_UNINITIALIZED_AUTOS = YES_AGGRESSIVE;
				GCC_WARN_UNUSED_FUNCTION = YES;
				GCC_WARN_UNUSED_VARIABLE = YES;
				IPHONEOS_DEPLOYMENT_TARGET = 14.3;
				MTL_ENABLE_DEBUG_INFO = INCLUDE_SOURCE;
				MTL_FAST_MATH = YES;
				ONLY_ACTIVE_ARCH = YES;
				SDKROOT = iphoneos;
				SWIFT_ACTIVE_COMPILATION_CONDITIONS = DEBUG;
				SWIFT_OPTIMIZATION_LEVEL = "-Onone";
			};
			name = Debug;
		};
		81670D4525B81FDC001C8883 /* Release */ = {
			isa = XCBuildConfiguration;
			buildSettings = {
				ALWAYS_SEARCH_USER_PATHS = NO;
				CLANG_ANALYZER_NONNULL = YES;
				CLANG_ANALYZER_NUMBER_OBJECT_CONVERSION = YES_AGGRESSIVE;
				CLANG_CXX_LANGUAGE_STANDARD = "gnu++14";
				CLANG_CXX_LIBRARY = "libc++";
				CLANG_ENABLE_MODULES = YES;
				CLANG_ENABLE_OBJC_ARC = YES;
				CLANG_ENABLE_OBJC_WEAK = YES;
				CLANG_WARN_BLOCK_CAPTURE_AUTORELEASING = YES;
				CLANG_WARN_BOOL_CONVERSION = YES;
				CLANG_WARN_COMMA = YES;
				CLANG_WARN_CONSTANT_CONVERSION = YES;
				CLANG_WARN_DEPRECATED_OBJC_IMPLEMENTATIONS = YES;
				CLANG_WARN_DIRECT_OBJC_ISA_USAGE = YES_ERROR;
				CLANG_WARN_DOCUMENTATION_COMMENTS = YES;
				CLANG_WARN_EMPTY_BODY = YES;
				CLANG_WARN_ENUM_CONVERSION = YES;
				CLANG_WARN_INFINITE_RECURSION = YES;
				CLANG_WARN_INT_CONVERSION = YES;
				CLANG_WARN_NON_LITERAL_NULL_CONVERSION = YES;
				CLANG_WARN_OBJC_IMPLICIT_RETAIN_SELF = YES;
				CLANG_WARN_OBJC_LITERAL_CONVERSION = YES;
				CLANG_WARN_OBJC_ROOT_CLASS = YES_ERROR;
				CLANG_WARN_QUOTED_INCLUDE_IN_FRAMEWORK_HEADER = YES;
				CLANG_WARN_RANGE_LOOP_ANALYSIS = YES;
				CLANG_WARN_STRICT_PROTOTYPES = YES;
				CLANG_WARN_SUSPICIOUS_MOVE = YES;
				CLANG_WARN_UNGUARDED_AVAILABILITY = YES_AGGRESSIVE;
				CLANG_WARN_UNREACHABLE_CODE = YES;
				CLANG_WARN__DUPLICATE_METHOD_MATCH = YES;
				COPY_PHASE_STRIP = NO;
				DEBUG_INFORMATION_FORMAT = "dwarf-with-dsym";
				ENABLE_NS_ASSERTIONS = NO;
				ENABLE_STRICT_OBJC_MSGSEND = YES;
				GCC_C_LANGUAGE_STANDARD = gnu11;
				GCC_NO_COMMON_BLOCKS = YES;
				GCC_WARN_64_TO_32_BIT_CONVERSION = YES;
				GCC_WARN_ABOUT_RETURN_TYPE = YES_ERROR;
				GCC_WARN_UNDECLARED_SELECTOR = YES;
				GCC_WARN_UNINITIALIZED_AUTOS = YES_AGGRESSIVE;
				GCC_WARN_UNUSED_FUNCTION = YES;
				GCC_WARN_UNUSED_VARIABLE = YES;
				IPHONEOS_DEPLOYMENT_TARGET = 14.3;
				MTL_ENABLE_DEBUG_INFO = NO;
				MTL_FAST_MATH = YES;
				SDKROOT = iphoneos;
				SWIFT_COMPILATION_MODE = wholemodule;
				SWIFT_OPTIMIZATION_LEVEL = "-O";
				VALIDATE_PRODUCT = YES;
			};
			name = Release;
		};
		81670D4725B81FDC001C8883 /* Debug */ = {
			isa = XCBuildConfiguration;
			baseConfigurationReference = 4182AEC20DAFDAFD1FABFD6C /* Pods-SFJTableKitDemo.debug.xcconfig */;
			buildSettings = {
				ASSETCATALOG_COMPILER_APPICON_NAME = AppIcon;
				ASSETCATALOG_COMPILER_GLOBAL_ACCENT_COLOR_NAME = AccentColor;
				CODE_SIGN_STYLE = Automatic;
				DEVELOPMENT_TEAM = C67ZA79SMN;
				INFOPLIST_FILE = SFJTableKitDemo/Info.plist;
				IPHONEOS_DEPLOYMENT_TARGET = 10.3;
				LD_RUNPATH_SEARCH_PATHS = (
					"$(inherited)",
					"@executable_path/Frameworks",
				);
				PRODUCT_BUNDLE_IDENTIFIER = com.shafujiu.SFJTableKitDemo;
				PRODUCT_NAME = "$(TARGET_NAME)";
				SWIFT_OBJC_BRIDGING_HEADER = "/Users/shafujiu/Documents/My GitHub Code/SFJTableKitDemo/SFJTableKitDemo/SFJTableKitDemo-Bridging-Header.h";
				SWIFT_VERSION = 5.0;
				TARGETED_DEVICE_FAMILY = "1,2";
			};
			name = Debug;
		};
		81670D4825B81FDC001C8883 /* Release */ = {
			isa = XCBuildConfiguration;
			baseConfigurationReference = 5D78FA4BFE11597ED5654695 /* Pods-SFJTableKitDemo.release.xcconfig */;
			buildSettings = {
				ASSETCATALOG_COMPILER_APPICON_NAME = AppIcon;
				ASSETCATALOG_COMPILER_GLOBAL_ACCENT_COLOR_NAME = AccentColor;
				CODE_SIGN_STYLE = Automatic;
				DEVELOPMENT_TEAM = C67ZA79SMN;
				INFOPLIST_FILE = SFJTableKitDemo/Info.plist;
				IPHONEOS_DEPLOYMENT_TARGET = 10.3;
				LD_RUNPATH_SEARCH_PATHS = (
					"$(inherited)",
					"@executable_path/Frameworks",
				);
				PRODUCT_BUNDLE_IDENTIFIER = com.shafujiu.SFJTableKitDemo;
				PRODUCT_NAME = "$(TARGET_NAME)";
				SWIFT_OBJC_BRIDGING_HEADER = "/Users/shafujiu/Documents/My GitHub Code/SFJTableKitDemo/SFJTableKitDemo/SFJTableKitDemo-Bridging-Header.h";
				SWIFT_VERSION = 5.0;
				TARGETED_DEVICE_FAMILY = "1,2";
			};
			name = Release;
		};
		81670D4A25B81FDC001C8883 /* Debug */ = {
			isa = XCBuildConfiguration;
			baseConfigurationReference = 4F5E3036364CED2DDD8D0EBB /* Pods-SFJTableKitDemoTests.debug.xcconfig */;
			buildSettings = {
				ALWAYS_EMBED_SWIFT_STANDARD_LIBRARIES = YES;
				BUNDLE_LOADER = "$(TEST_HOST)";
				CODE_SIGN_STYLE = Automatic;
				DEVELOPMENT_TEAM = C67ZA79SMN;
				INFOPLIST_FILE = SFJTableKitDemoTests/Info.plist;
				IPHONEOS_DEPLOYMENT_TARGET = 14.3;
				LD_RUNPATH_SEARCH_PATHS = (
					"$(inherited)",
					"@executable_path/Frameworks",
					"@loader_path/Frameworks",
				);
				PRODUCT_BUNDLE_IDENTIFIER = com.shafujiu.SFJTableKitDemoTests;
				PRODUCT_NAME = "$(TARGET_NAME)";
				SWIFT_VERSION = 5.0;
				TARGETED_DEVICE_FAMILY = "1,2";
				TEST_HOST = "$(BUILT_PRODUCTS_DIR)/SFJTableKitDemo.app/SFJTableKitDemo";
			};
			name = Debug;
		};
		81670D4B25B81FDC001C8883 /* Release */ = {
			isa = XCBuildConfiguration;
			baseConfigurationReference = 76365E8679A5F3EA4C989C56 /* Pods-SFJTableKitDemoTests.release.xcconfig */;
			buildSettings = {
				ALWAYS_EMBED_SWIFT_STANDARD_LIBRARIES = YES;
				BUNDLE_LOADER = "$(TEST_HOST)";
				CODE_SIGN_STYLE = Automatic;
				DEVELOPMENT_TEAM = C67ZA79SMN;
				INFOPLIST_FILE = SFJTableKitDemoTests/Info.plist;
				IPHONEOS_DEPLOYMENT_TARGET = 14.3;
				LD_RUNPATH_SEARCH_PATHS = (
					"$(inherited)",
					"@executable_path/Frameworks",
					"@loader_path/Frameworks",
				);
				PRODUCT_BUNDLE_IDENTIFIER = com.shafujiu.SFJTableKitDemoTests;
				PRODUCT_NAME = "$(TARGET_NAME)";
				SWIFT_VERSION = 5.0;
				TARGETED_DEVICE_FAMILY = "1,2";
				TEST_HOST = "$(BUILT_PRODUCTS_DIR)/SFJTableKitDemo.app/SFJTableKitDemo";
			};
			name = Release;
		};
		81670D4D25B81FDC001C8883 /* Debug */ = {
			isa = XCBuildConfiguration;
			baseConfigurationReference = 1DF53243ADB88C998ABD7B4F /* Pods-SFJTableKitDemo-SFJTableKitDemoUITests.debug.xcconfig */;
			buildSettings = {
				ALWAYS_EMBED_SWIFT_STANDARD_LIBRARIES = YES;
				CODE_SIGN_STYLE = Automatic;
				DEVELOPMENT_TEAM = C67ZA79SMN;
				INFOPLIST_FILE = SFJTableKitDemoUITests/Info.plist;
				LD_RUNPATH_SEARCH_PATHS = (
					"$(inherited)",
					"@executable_path/Frameworks",
					"@loader_path/Frameworks",
				);
				PRODUCT_BUNDLE_IDENTIFIER = com.shafujiu.SFJTableKitDemoUITests;
				PRODUCT_NAME = "$(TARGET_NAME)";
				SWIFT_VERSION = 5.0;
				TARGETED_DEVICE_FAMILY = "1,2";
				TEST_TARGET_NAME = SFJTableKitDemo;
			};
			name = Debug;
		};
		81670D4E25B81FDC001C8883 /* Release */ = {
			isa = XCBuildConfiguration;
			baseConfigurationReference = F8805E8758D5BDF76783D5F3 /* Pods-SFJTableKitDemo-SFJTableKitDemoUITests.release.xcconfig */;
			buildSettings = {
				ALWAYS_EMBED_SWIFT_STANDARD_LIBRARIES = YES;
				CODE_SIGN_STYLE = Automatic;
				DEVELOPMENT_TEAM = C67ZA79SMN;
				INFOPLIST_FILE = SFJTableKitDemoUITests/Info.plist;
				LD_RUNPATH_SEARCH_PATHS = (
					"$(inherited)",
					"@executable_path/Frameworks",
					"@loader_path/Frameworks",
				);
				PRODUCT_BUNDLE_IDENTIFIER = com.shafujiu.SFJTableKitDemoUITests;
				PRODUCT_NAME = "$(TARGET_NAME)";
				SWIFT_VERSION = 5.0;
				TARGETED_DEVICE_FAMILY = "1,2";
				TEST_TARGET_NAME = SFJTableKitDemo;
			};
			name = Release;
		};
/* End XCBuildConfiguration section */

/* Begin XCConfigurationList section */
		81670D1725B81FDA001C8883 /* Build configuration list for PBXProject "SFJTableKitDemo" */ = {
			isa = XCConfigurationList;
			buildConfigurations = (
				81670D4425B81FDC001C8883 /* Debug */,
				81670D4525B81FDC001C8883 /* Release */,
			);
			defaultConfigurationIsVisible = 0;
			defaultConfigurationName = Release;
		};
		81670D4625B81FDC001C8883 /* Build configuration list for PBXNativeTarget "SFJTableKitDemo" */ = {
			isa = XCConfigurationList;
			buildConfigurations = (
				81670D4725B81FDC001C8883 /* Debug */,
				81670D4825B81FDC001C8883 /* Release */,
			);
			defaultConfigurationIsVisible = 0;
			defaultConfigurationName = Release;
		};
		81670D4925B81FDC001C8883 /* Build configuration list for PBXNativeTarget "SFJTableKitDemoTests" */ = {
			isa = XCConfigurationList;
			buildConfigurations = (
				81670D4A25B81FDC001C8883 /* Debug */,
				81670D4B25B81FDC001C8883 /* Release */,
			);
			defaultConfigurationIsVisible = 0;
			defaultConfigurationName = Release;
		};
		81670D4C25B81FDC001C8883 /* Build configuration list for PBXNativeTarget "SFJTableKitDemoUITests" */ = {
			isa = XCConfigurationList;
			buildConfigurations = (
				81670D4D25B81FDC001C8883 /* Debug */,
				81670D4E25B81FDC001C8883 /* Release */,
			);
			defaultConfigurationIsVisible = 0;
			defaultConfigurationName = Release;
		};
/* End XCConfigurationList section */
	};
	rootObject = 81670D1425B81FDA001C8883 /* Project object */;
}
